
Microsoft Visual Studio Solution File, Format Version 12.00
# Visual Studio Version 16
VisualStudioVersion = 16.0.31911.196
MinimumVisualStudioVersion = 10.0.40219.1
Project("{FAE04EC0-301F-11D3-BF4B-00C04F79EFBC}") = "mean-signaIR", "mean-signaIR\mean-signaIR.csproj", "{514F8509-854A-4ED4-837A-5C2A6E31FBB1}"
EndProject
Global
	GlobalSection(SolutionConfigurationPlatforms) = preSolution
		Debug|Any CPU = Debug|Any CPU
		Release|Any CPU = Release|Any CPU
	EndGlobalSection
	GlobalSection(ProjectConfigurationPlatforms) = postSolution
		{514F8509-854A-4ED4-837A-5C2A6E31FBB1}.Debug|Any CPU.ActiveCfg = Debug|Any CPU
		{514F8509-854A-4ED4-837A-5C2A6E31FBB1}.Debug|Any CPU.Build.0 = Debug|Any CPU
		{514F8509-854A-4ED4-837A-5C2A6E31FBB1}.Release|Any CPU.ActiveCfg = Release|Any CPU
		{514F8509-854A-4ED4-837A-5C2A6E31FBB1}.Release|Any CPU.Build.0 = Release|Any CPU
	EndGlobalSection
	GlobalSection(SolutionProperties) = preSolution
		HideSolutionNode = FALSE
	EndGlobalSection
	GlobalSection(ExtensibilityGlobals) = postSolution
		SolutionGuid = {011BF1DF-DF45-4F2F-8769-5CF30C11BC1A}
	EndGlobalSection
EndGlobal
